
Microsoft Visual Studio Solution File, Format Version 12.00
# Visual Studio 15
VisualStudioVersion = 15.0.27130.2010
MinimumVisualStudioVersion = 10.0.40219.1
Project("{2150E333-8FDC-42A3-9474-1A3956D46DE8}") = "01 - Init", "01 - Init", "{380D46DA-72D7-4EED-9588-276F56CCA706}"
	ProjectSection(SolutionItems) = preProject
		.gitignore = .gitignore
	EndProjectSection
EndProject
Project("{2150E333-8FDC-42A3-9474-1A3956D46DE8}") = "02 - Type system", "02 - Type system", "{CF3F6D6F-CEF0-4386-B197-7336EE14E9F5}"
EndProject
Project("{FAE04EC0-301F-11D3-BF4B-00C04F79EFBC}") = "TypeSystem", "TypeSystem\TypeSystem.csproj", "{1FFEEEFE-A3DF-4FA1-9509-1F603864A5BF}"
EndProject
Project("{2150E333-8FDC-42A3-9474-1A3956D46DE8}") = "07 - Delegates and events", "07 - Delegates and events", "{E31C0E8B-D282-4938-95B6-9E52C6A26565}"
EndProject
Project("{FAE04EC0-301F-11D3-BF4B-00C04F79EFBC}") = "Delegates.And.Events", "Delegates.And.Events\Delegates.And.Events.csproj", "{92569992-8AD0-4F54-901D-D879692F6CAC}"
EndProject
Project("{2150E333-8FDC-42A3-9474-1A3956D46DE8}") = "03 - Exceptions", "03 - Exceptions", "{9D0A0D4A-2828-4AEF-AE54-A9401D1721E7}"
EndProject
Project("{FAE04EC0-301F-11D3-BF4B-00C04F79EFBC}") = "Exceptions", "Exceptions\Exceptions.csproj", "{543DD117-344E-4A1E-8003-79097B8C1A54}"
EndProject
Global
	GlobalSection(SolutionConfigurationPlatforms) = preSolution
		Debug|Any CPU = Debug|Any CPU
		Release|Any CPU = Release|Any CPU
	EndGlobalSection
	GlobalSection(ProjectConfigurationPlatforms) = postSolution
		{1FFEEEFE-A3DF-4FA1-9509-1F603864A5BF}.Debug|Any CPU.ActiveCfg = Debug|Any CPU
		{1FFEEEFE-A3DF-4FA1-9509-1F603864A5BF}.Debug|Any CPU.Build.0 = Debug|Any CPU
		{1FFEEEFE-A3DF-4FA1-9509-1F603864A5BF}.Release|Any CPU.ActiveCfg = Release|Any CPU
		{1FFEEEFE-A3DF-4FA1-9509-1F603864A5BF}.Release|Any CPU.Build.0 = Release|Any CPU
		{92569992-8AD0-4F54-901D-D879692F6CAC}.Debug|Any CPU.ActiveCfg = Debug|Any CPU
		{92569992-8AD0-4F54-901D-D879692F6CAC}.Debug|Any CPU.Build.0 = Debug|Any CPU
		{92569992-8AD0-4F54-901D-D879692F6CAC}.Release|Any CPU.ActiveCfg = Release|Any CPU
		{92569992-8AD0-4F54-901D-D879692F6CAC}.Release|Any CPU.Build.0 = Release|Any CPU
		{543DD117-344E-4A1E-8003-79097B8C1A54}.Debug|Any CPU.ActiveCfg = Debug|Any CPU
		{543DD117-344E-4A1E-8003-79097B8C1A54}.Debug|Any CPU.Build.0 = Debug|Any CPU
		{543DD117-344E-4A1E-8003-79097B8C1A54}.Release|Any CPU.ActiveCfg = Release|Any CPU
		{543DD117-344E-4A1E-8003-79097B8C1A54}.Release|Any CPU.Build.0 = Release|Any CPU
	EndGlobalSection
	GlobalSection(SolutionProperties) = preSolution
		HideSolutionNode = FALSE
	EndGlobalSection
	GlobalSection(NestedProjects) = preSolution
		{1FFEEEFE-A3DF-4FA1-9509-1F603864A5BF} = {CF3F6D6F-CEF0-4386-B197-7336EE14E9F5}
		{92569992-8AD0-4F54-901D-D879692F6CAC} = {E31C0E8B-D282-4938-95B6-9E52C6A26565}
		{543DD117-344E-4A1E-8003-79097B8C1A54} = {9D0A0D4A-2828-4AEF-AE54-A9401D1721E7}
	EndGlobalSection
	GlobalSection(ExtensibilityGlobals) = postSolution
		SolutionGuid = {5FB14213-3F1C-4B74-B7E9-C0CDAD53D125}
	EndGlobalSection
EndGlobal
